
Microsoft Visual Studio Solution File, Format Version 12.00
# Visual Studio Version 17
VisualStudioVersion = 17.9.34728.123
MinimumVisualStudioVersion = 10.0.40219.1
Project("{FAE04EC0-301F-11D3-BF4B-00C04F79EFBC}") = "Sparta_TRPG_SoloProject", "Sparta_TRPG_SoloProject\Sparta_TRPG_SoloProject.csproj", "{95D13D8A-B2FD-4D2D-A553-F9620A7508FD}"
EndProject
Global
	GlobalSection(SolutionConfigurationPlatforms) = preSolution
		Debug|Any CPU = Debug|Any CPU
		Release|Any CPU = Release|Any CPU
	EndGlobalSection
	GlobalSection(ProjectConfigurationPlatforms) = postSolution
		{95D13D8A-B2FD-4D2D-A553-F9620A7508FD}.Debug|Any CPU.ActiveCfg = Debug|Any CPU
		{95D13D8A-B2FD-4D2D-A553-F9620A7508FD}.Debug|Any CPU.Build.0 = Debug|Any CPU
		{95D13D8A-B2FD-4D2D-A553-F9620A7508FD}.Release|Any CPU.ActiveCfg = Release|Any CPU
		{95D13D8A-B2FD-4D2D-A553-F9620A7508FD}.Release|Any CPU.Build.0 = Release|Any CPU
	EndGlobalSection
	GlobalSection(SolutionProperties) = preSolution
		HideSolutionNode = FALSE
	EndGlobalSection
	GlobalSection(ExtensibilityGlobals) = postSolution
		SolutionGuid = {ED612CA9-26E2-4915-B80E-36EE64581148}
	EndGlobalSection
EndGlobal
